# This file was autogenerated by Stack.
# You should not edit this file by hand.
# For more information, please see the documentation at:
#   https://docs.haskellstack.org/en/stable/lock_files

packages:
- completed:
    hackage: X11-1.10@sha256:a65e03ab2a165e0f6132e6fd483de9e95360af5a1e3b66c7ac8d140452054a2d,3813
    pantry-tree:
      size: 2860
      sha256: 946a88c2bc8baa24790ce10686bc6e97dc4ecd340c41c30bf228f95b22c1f4e4
  original:
    hackage: X11-1.10
snapshots:
- completed:
    size: 586069
    url: https://raw.githubusercontent.com/commercialhaskell/stackage-snapshots/master/lts/18/14.yaml
    sha256: 87842ecbaa8ca9cee59a7e6be52369dbed82ed075cb4e0d152614a627e8fd488
  original: lts-18.14
